
Microsoft Visual Studio Solution File, Format Version 12.00
# Visual Studio Version 17
VisualStudioVersion = 17.11.35327.3
MinimumVisualStudioVersion = 10.0.40219.1
Project("{9A19103F-16F7-4668-BE54-9A1E7A4F7556}") = "hm_2", "DZ_1\hm_2.csproj", "{6BD4CD2B-3470-4B52-898F-E440BF0371D8}"
EndProject
Project("{9A19103F-16F7-4668-BE54-9A1E7A4F7556}") = "TumLab", "TumLab\TumLab.csproj", "{1A376BE1-0275-4E08-A9F4-8C129C467296}"
EndProject
Global
	GlobalSection(SolutionConfigurationPlatforms) = preSolution
		Debug|Any CPU = Debug|Any CPU
		Release|Any CPU = Release|Any CPU
	EndGlobalSection
	GlobalSection(ProjectConfigurationPlatforms) = postSolution
		{6BD4CD2B-3470-4B52-898F-E440BF0371D8}.Debug|Any CPU.ActiveCfg = Debug|Any CPU
		{6BD4CD2B-3470-4B52-898F-E440BF0371D8}.Debug|Any CPU.Build.0 = Debug|Any CPU
		{6BD4CD2B-3470-4B52-898F-E440BF0371D8}.Release|Any CPU.ActiveCfg = Release|Any CPU
		{6BD4CD2B-3470-4B52-898F-E440BF0371D8}.Release|Any CPU.Build.0 = Release|Any CPU
		{1A376BE1-0275-4E08-A9F4-8C129C467296}.Debug|Any CPU.ActiveCfg = Debug|Any CPU
		{1A376BE1-0275-4E08-A9F4-8C129C467296}.Debug|Any CPU.Build.0 = Debug|Any CPU
		{1A376BE1-0275-4E08-A9F4-8C129C467296}.Release|Any CPU.ActiveCfg = Release|Any CPU
		{1A376BE1-0275-4E08-A9F4-8C129C467296}.Release|Any CPU.Build.0 = Release|Any CPU
	EndGlobalSection
	GlobalSection(SolutionProperties) = preSolution
		HideSolutionNode = FALSE
	EndGlobalSection
	GlobalSection(ExtensibilityGlobals) = postSolution
		SolutionGuid = {EECE928F-8511-41FF-B8F9-E49227958FFA}
	EndGlobalSection
EndGlobal
